
Microsoft Visual Studio Solution File, Format Version 12.00
# Visual Studio Version 17
VisualStudioVersion = 17.7.34024.191
MinimumVisualStudioVersion = 10.0.40219.1
Project("{9A19103F-16F7-4668-BE54-9A1E7A4F7556}") = "N36_Task1_Record", "N36_Task1_Record\N36_Task1_Record.csproj", "{7F28593D-C3BF-4073-B62C-C9F55E8D3732}"
EndProject
Project("{2150E333-8FDC-42A3-9474-1A3956D46DE8}") = "Lesson36", "Lesson36", "{B4814A7E-83FA-4A24-BAC7-CD094278DE55}"
EndProject
Project("{9A19103F-16F7-4668-BE54-9A1E7A4F7556}") = "N36_CreatedModel", "N37_CreatedModel\N36_CreatedModel.csproj", "{90812623-929E-4F98-B2D7-DCE6DE1929DB}"
EndProject
Project("{9A19103F-16F7-4668-BE54-9A1E7A4F7556}") = "N36_Task3", "N36_Task3\N36_Task3.csproj", "{2AAB7049-19B5-4A29-86EC-9979E733CA8A}"
EndProject
Project("{2150E333-8FDC-42A3-9474-1A3956D46DE8}") = "Lesson37", "Lesson37", "{5344659A-30AE-4061-A9A6-FBF2556AFCBE}"
EndProject
Project("{9A19103F-16F7-4668-BE54-9A1E7A4F7556}") = "N37_PipiLine", "N37_PipiLine\N37_PipiLine.csproj", "{0EC66012-1F0F-48F5-9869-2B61A08A70FF}"
EndProject
Project("{2150E333-8FDC-42A3-9474-1A3956D46DE8}") = "Lesson38", "Lesson38", "{70F2DD59-9683-4A1B-AEA0-8747B8A3536B}"
EndProject
Project("{9A19103F-16F7-4668-BE54-9A1E7A4F7556}") = "Lesson38_Indexer", "Lesson38_Indexer\Lesson38_Indexer.csproj", "{A25FADB1-DBAB-4F65-B5C0-81961E10386C}"
EndProject
Project("{9A19103F-16F7-4668-BE54-9A1E7A4F7556}") = "Lesson38_Bogus", "Lesson38_Bogus\Lesson38_Bogus.csproj", "{FFAA1845-D033-43D4-B674-5F353FD7C2A9}"
EndProject
Project("{2150E333-8FDC-42A3-9474-1A3956D46DE8}") = "Lesson39", "Lesson39", "{908A8CCA-67B8-4163-9AC3-5ADEE5BC6E82}"
EndProject
Project("{9A19103F-16F7-4668-BE54-9A1E7A4F7556}") = "Lesson39_HT1", "Lesson39_HT1\Lesson39_HT1.csproj", "{76704303-B2E6-4BFE-82A3-17CF3EA29DC9}"
EndProject
Project("{9A19103F-16F7-4668-BE54-9A1E7A4F7556}") = "Lesson39_HT2", "Lesson39_HT2\Lesson39_HT2.csproj", "{4547352F-5FD6-4258-87F3-1769EF990297}"
EndProject
Project("{2150E333-8FDC-42A3-9474-1A3956D46DE8}") = "Lesson41", "Lesson41", "{D22A38B5-9FFA-4DEE-B1A2-B963BF30B2E0}"
EndProject
Project("{2150E333-8FDC-42A3-9474-1A3956D46DE8}") = "Lesson41_HT1", "Lesson41_HT1", "{59031846-BC3A-43FE-A153-1C0C7EBB3DD3}"
EndProject
Project("{9A19103F-16F7-4668-BE54-9A1E7A4F7556}") = "Lesson41_HT1", "Lesson41_HT1\Lesson41_HT1.csproj", "{13440BB4-5A0B-4280-9282-B6F7B51E6960}"
EndProject
Project("{2150E333-8FDC-42A3-9474-1A3956D46DE8}") = "Lesson41_HT2", "Lesson41_HT2", "{539E80A1-2391-4B34-9D95-2B533945E4BA}"
EndProject
Project("{9A19103F-16F7-4668-BE54-9A1E7A4F7556}") = "Lesson41_HT2", "Lesson41_HT2\Lesson41_HT2.csproj", "{0BA161BD-F532-4665-990C-860C25FA1015}"
EndProject
Project("{2150E333-8FDC-42A3-9474-1A3956D46DE8}") = "Lesson43", "Lesson43", "{55E93FD6-36A8-4690-8C98-918F4FB6B1C6}"
EndProject
Project("{9A19103F-16F7-4668-BE54-9A1E7A4F7556}") = "Lesson43_Mutex_HT1", "Lesson43_Mutex_HT1\Lesson43_Mutex_HT1.csproj", "{167E465B-A2A2-4219-83F5-587C4A20D3B3}"
EndProject
Project("{2150E333-8FDC-42A3-9474-1A3956D46DE8}") = "Lesson44", "Lesson44", "{9FD8C37F-9F29-4F5F-B5AC-D146D88472F5}"
EndProject
Project("{9A19103F-16F7-4668-BE54-9A1E7A4F7556}") = "Lesson44_Censellation_HT1", "Lesson44_Censellation_HT1\Lesson44_Censellation_HT1.csproj", "{544CB140-5049-4067-987C-1BCDC6847814}"
EndProject
Project("{9A19103F-16F7-4668-BE54-9A1E7A4F7556}") = "Lesson44_Mixed", "Lesson44_Mixed\Lesson44_Mixed.csproj", "{AB6719A7-2A38-4654-95CF-F92D70A3978C}"
EndProject
Project("{2150E333-8FDC-42A3-9474-1A3956D46DE8}") = "Lesson45", "Lesson45", "{F7A120EB-7FE5-4232-906F-8340C52845E8}"
EndProject
Project("{9A19103F-16F7-4668-BE54-9A1E7A4F7556}") = "Lesson45HT1_LinqQuerySyntax", "Lesson45HT1_LinqQuerySyntax\Lesson45HT1_LinqQuerySyntax.csproj", "{53A95705-F880-48A3-8219-16EC2B65E188}"
EndProject
Project("{2150E333-8FDC-42A3-9474-1A3956D46DE8}") = "Lesson48", "Lesson48", "{D14DC20D-68F8-4E6A-BB9A-C18F63111324}"
EndProject
Project("{9A19103F-16F7-4668-BE54-9A1E7A4F7556}") = "N48_ClassLibrary", "N48_ClassLibrary\N48_ClassLibrary.csproj", "{1894BF0C-3A57-4071-A892-981634D266E1}"
EndProject
Project("{9A19103F-16F7-4668-BE54-9A1E7A4F7556}") = "HometaskN48_API", "HometaskN48_API\HometaskN48_API.csproj", "{08CA3F72-6CD2-4474-90F6-9409D00D1DB1}"
EndProject
Project("{2150E333-8FDC-42A3-9474-1A3956D46DE8}") = "Lesson51", "Lesson51", "{E1EC3EB1-F26F-495C-B170-8A1032F71F84}"
EndProject
Project("{FAE04EC0-301F-11D3-BF4B-00C04F79EFBC}") = "HomeTaskN51_Questions", "HomeTaskN51_Questions\HomeTaskN51_Questions.csproj", "{BB936176-2899-478D-A02A-4B393840C23E}"
EndProject
Global
	GlobalSection(SolutionConfigurationPlatforms) = preSolution
		Debug|Any CPU = Debug|Any CPU
		Release|Any CPU = Release|Any CPU
	EndGlobalSection
	GlobalSection(ProjectConfigurationPlatforms) = postSolution
		{7F28593D-C3BF-4073-B62C-C9F55E8D3732}.Debug|Any CPU.ActiveCfg = Debug|Any CPU
		{7F28593D-C3BF-4073-B62C-C9F55E8D3732}.Debug|Any CPU.Build.0 = Debug|Any CPU
		{7F28593D-C3BF-4073-B62C-C9F55E8D3732}.Release|Any CPU.ActiveCfg = Release|Any CPU
		{7F28593D-C3BF-4073-B62C-C9F55E8D3732}.Release|Any CPU.Build.0 = Release|Any CPU
		{90812623-929E-4F98-B2D7-DCE6DE1929DB}.Debug|Any CPU.ActiveCfg = Debug|Any CPU
		{90812623-929E-4F98-B2D7-DCE6DE1929DB}.Debug|Any CPU.Build.0 = Debug|Any CPU
		{90812623-929E-4F98-B2D7-DCE6DE1929DB}.Release|Any CPU.ActiveCfg = Release|Any CPU
		{90812623-929E-4F98-B2D7-DCE6DE1929DB}.Release|Any CPU.Build.0 = Release|Any CPU
		{2AAB7049-19B5-4A29-86EC-9979E733CA8A}.Debug|Any CPU.ActiveCfg = Debug|Any CPU
		{2AAB7049-19B5-4A29-86EC-9979E733CA8A}.Debug|Any CPU.Build.0 = Debug|Any CPU
		{2AAB7049-19B5-4A29-86EC-9979E733CA8A}.Release|Any CPU.ActiveCfg = Release|Any CPU
		{2AAB7049-19B5-4A29-86EC-9979E733CA8A}.Release|Any CPU.Build.0 = Release|Any CPU
		{0EC66012-1F0F-48F5-9869-2B61A08A70FF}.Debug|Any CPU.ActiveCfg = Debug|Any CPU
		{0EC66012-1F0F-48F5-9869-2B61A08A70FF}.Debug|Any CPU.Build.0 = Debug|Any CPU
		{0EC66012-1F0F-48F5-9869-2B61A08A70FF}.Release|Any CPU.ActiveCfg = Release|Any CPU
		{0EC66012-1F0F-48F5-9869-2B61A08A70FF}.Release|Any CPU.Build.0 = Release|Any CPU
		{A25FADB1-DBAB-4F65-B5C0-81961E10386C}.Debug|Any CPU.ActiveCfg = Debug|Any CPU
		{A25FADB1-DBAB-4F65-B5C0-81961E10386C}.Debug|Any CPU.Build.0 = Debug|Any CPU
		{A25FADB1-DBAB-4F65-B5C0-81961E10386C}.Release|Any CPU.ActiveCfg = Release|Any CPU
		{A25FADB1-DBAB-4F65-B5C0-81961E10386C}.Release|Any CPU.Build.0 = Release|Any CPU
		{FFAA1845-D033-43D4-B674-5F353FD7C2A9}.Debug|Any CPU.ActiveCfg = Debug|Any CPU
		{FFAA1845-D033-43D4-B674-5F353FD7C2A9}.Debug|Any CPU.Build.0 = Debug|Any CPU
		{FFAA1845-D033-43D4-B674-5F353FD7C2A9}.Release|Any CPU.ActiveCfg = Release|Any CPU
		{FFAA1845-D033-43D4-B674-5F353FD7C2A9}.Release|Any CPU.Build.0 = Release|Any CPU
		{76704303-B2E6-4BFE-82A3-17CF3EA29DC9}.Debug|Any CPU.ActiveCfg = Debug|Any CPU
		{76704303-B2E6-4BFE-82A3-17CF3EA29DC9}.Debug|Any CPU.Build.0 = Debug|Any CPU
		{76704303-B2E6-4BFE-82A3-17CF3EA29DC9}.Release|Any CPU.ActiveCfg = Release|Any CPU
		{76704303-B2E6-4BFE-82A3-17CF3EA29DC9}.Release|Any CPU.Build.0 = Release|Any CPU
		{4547352F-5FD6-4258-87F3-1769EF990297}.Debug|Any CPU.ActiveCfg = Debug|Any CPU
		{4547352F-5FD6-4258-87F3-1769EF990297}.Debug|Any CPU.Build.0 = Debug|Any CPU
		{4547352F-5FD6-4258-87F3-1769EF990297}.Release|Any CPU.ActiveCfg = Release|Any CPU
		{4547352F-5FD6-4258-87F3-1769EF990297}.Release|Any CPU.Build.0 = Release|Any CPU
		{13440BB4-5A0B-4280-9282-B6F7B51E6960}.Debug|Any CPU.ActiveCfg = Debug|Any CPU
		{13440BB4-5A0B-4280-9282-B6F7B51E6960}.Debug|Any CPU.Build.0 = Debug|Any CPU
		{13440BB4-5A0B-4280-9282-B6F7B51E6960}.Release|Any CPU.ActiveCfg = Release|Any CPU
		{13440BB4-5A0B-4280-9282-B6F7B51E6960}.Release|Any CPU.Build.0 = Release|Any CPU
		{0BA161BD-F532-4665-990C-860C25FA1015}.Debug|Any CPU.ActiveCfg = Debug|Any CPU
		{0BA161BD-F532-4665-990C-860C25FA1015}.Debug|Any CPU.Build.0 = Debug|Any CPU
		{0BA161BD-F532-4665-990C-860C25FA1015}.Release|Any CPU.ActiveCfg = Release|Any CPU
		{0BA161BD-F532-4665-990C-860C25FA1015}.Release|Any CPU.Build.0 = Release|Any CPU
		{167E465B-A2A2-4219-83F5-587C4A20D3B3}.Debug|Any CPU.ActiveCfg = Debug|Any CPU
		{167E465B-A2A2-4219-83F5-587C4A20D3B3}.Debug|Any CPU.Build.0 = Debug|Any CPU
		{167E465B-A2A2-4219-83F5-587C4A20D3B3}.Release|Any CPU.ActiveCfg = Release|Any CPU
		{167E465B-A2A2-4219-83F5-587C4A20D3B3}.Release|Any CPU.Build.0 = Release|Any CPU
		{544CB140-5049-4067-987C-1BCDC6847814}.Debug|Any CPU.ActiveCfg = Debug|Any CPU
		{544CB140-5049-4067-987C-1BCDC6847814}.Debug|Any CPU.Build.0 = Debug|Any CPU
		{544CB140-5049-4067-987C-1BCDC6847814}.Release|Any CPU.ActiveCfg = Release|Any CPU
		{544CB140-5049-4067-987C-1BCDC6847814}.Release|Any CPU.Build.0 = Release|Any CPU
		{AB6719A7-2A38-4654-95CF-F92D70A3978C}.Debug|Any CPU.ActiveCfg = Debug|Any CPU
		{AB6719A7-2A38-4654-95CF-F92D70A3978C}.Debug|Any CPU.Build.0 = Debug|Any CPU
		{AB6719A7-2A38-4654-95CF-F92D70A3978C}.Release|Any CPU.ActiveCfg = Release|Any CPU
		{AB6719A7-2A38-4654-95CF-F92D70A3978C}.Release|Any CPU.Build.0 = Release|Any CPU
		{53A95705-F880-48A3-8219-16EC2B65E188}.Debug|Any CPU.ActiveCfg = Debug|Any CPU
		{53A95705-F880-48A3-8219-16EC2B65E188}.Debug|Any CPU.Build.0 = Debug|Any CPU
		{53A95705-F880-48A3-8219-16EC2B65E188}.Release|Any CPU.ActiveCfg = Release|Any CPU
		{53A95705-F880-48A3-8219-16EC2B65E188}.Release|Any CPU.Build.0 = Release|Any CPU
		{1894BF0C-3A57-4071-A892-981634D266E1}.Debug|Any CPU.ActiveCfg = Debug|Any CPU
		{1894BF0C-3A57-4071-A892-981634D266E1}.Debug|Any CPU.Build.0 = Debug|Any CPU
		{1894BF0C-3A57-4071-A892-981634D266E1}.Release|Any CPU.ActiveCfg = Release|Any CPU
		{1894BF0C-3A57-4071-A892-981634D266E1}.Release|Any CPU.Build.0 = Release|Any CPU
		{08CA3F72-6CD2-4474-90F6-9409D00D1DB1}.Debug|Any CPU.ActiveCfg = Debug|Any CPU
		{08CA3F72-6CD2-4474-90F6-9409D00D1DB1}.Debug|Any CPU.Build.0 = Debug|Any CPU
		{08CA3F72-6CD2-4474-90F6-9409D00D1DB1}.Release|Any CPU.ActiveCfg = Release|Any CPU
		{08CA3F72-6CD2-4474-90F6-9409D00D1DB1}.Release|Any CPU.Build.0 = Release|Any CPU
		{BB936176-2899-478D-A02A-4B393840C23E}.Debug|Any CPU.ActiveCfg = Debug|Any CPU
		{BB936176-2899-478D-A02A-4B393840C23E}.Debug|Any CPU.Build.0 = Debug|Any CPU
		{BB936176-2899-478D-A02A-4B393840C23E}.Release|Any CPU.ActiveCfg = Release|Any CPU
		{BB936176-2899-478D-A02A-4B393840C23E}.Release|Any CPU.Build.0 = Release|Any CPU
	EndGlobalSection
	GlobalSection(SolutionProperties) = preSolution
		HideSolutionNode = FALSE
	EndGlobalSection
	GlobalSection(NestedProjects) = preSolution
		{7F28593D-C3BF-4073-B62C-C9F55E8D3732} = {B4814A7E-83FA-4A24-BAC7-CD094278DE55}
		{90812623-929E-4F98-B2D7-DCE6DE1929DB} = {B4814A7E-83FA-4A24-BAC7-CD094278DE55}
		{2AAB7049-19B5-4A29-86EC-9979E733CA8A} = {B4814A7E-83FA-4A24-BAC7-CD094278DE55}
		{0EC66012-1F0F-48F5-9869-2B61A08A70FF} = {5344659A-30AE-4061-A9A6-FBF2556AFCBE}
		{A25FADB1-DBAB-4F65-B5C0-81961E10386C} = {70F2DD59-9683-4A1B-AEA0-8747B8A3536B}
		{FFAA1845-D033-43D4-B674-5F353FD7C2A9} = {70F2DD59-9683-4A1B-AEA0-8747B8A3536B}
		{76704303-B2E6-4BFE-82A3-17CF3EA29DC9} = {908A8CCA-67B8-4163-9AC3-5ADEE5BC6E82}
		{4547352F-5FD6-4258-87F3-1769EF990297} = {908A8CCA-67B8-4163-9AC3-5ADEE5BC6E82}
		{59031846-BC3A-43FE-A153-1C0C7EBB3DD3} = {D22A38B5-9FFA-4DEE-B1A2-B963BF30B2E0}
		{13440BB4-5A0B-4280-9282-B6F7B51E6960} = {59031846-BC3A-43FE-A153-1C0C7EBB3DD3}
		{539E80A1-2391-4B34-9D95-2B533945E4BA} = {D22A38B5-9FFA-4DEE-B1A2-B963BF30B2E0}
		{0BA161BD-F532-4665-990C-860C25FA1015} = {539E80A1-2391-4B34-9D95-2B533945E4BA}
		{167E465B-A2A2-4219-83F5-587C4A20D3B3} = {55E93FD6-36A8-4690-8C98-918F4FB6B1C6}
		{544CB140-5049-4067-987C-1BCDC6847814} = {9FD8C37F-9F29-4F5F-B5AC-D146D88472F5}
		{AB6719A7-2A38-4654-95CF-F92D70A3978C} = {9FD8C37F-9F29-4F5F-B5AC-D146D88472F5}
		{53A95705-F880-48A3-8219-16EC2B65E188} = {F7A120EB-7FE5-4232-906F-8340C52845E8}
		{1894BF0C-3A57-4071-A892-981634D266E1} = {D14DC20D-68F8-4E6A-BB9A-C18F63111324}
		{08CA3F72-6CD2-4474-90F6-9409D00D1DB1} = {D14DC20D-68F8-4E6A-BB9A-C18F63111324}
		{BB936176-2899-478D-A02A-4B393840C23E} = {E1EC3EB1-F26F-495C-B170-8A1032F71F84}
	EndGlobalSection
	GlobalSection(ExtensibilityGlobals) = postSolution
		SolutionGuid = {DEDDEF45-A049-4132-8238-2D2323FFE2BE}
	EndGlobalSection
EndGlobal
