
Microsoft Visual Studio Solution File, Format Version 12.00
# Visual Studio Version 17
VisualStudioVersion = 17.7.34024.191
MinimumVisualStudioVersion = 10.0.40219.1
Project("{9A19103F-16F7-4668-BE54-9A1E7A4F7556}") = "N36_Task1_Record", "N36_Task1_Record\N36_Task1_Record.csproj", "{7F28593D-C3BF-4073-B62C-C9F55E8D3732}"
EndProject
Project("{2150E333-8FDC-42A3-9474-1A3956D46DE8}") = "Lesson36", "Lesson36", "{B4814A7E-83FA-4A24-BAC7-CD094278DE55}"
EndProject
Project("{9A19103F-16F7-4668-BE54-9A1E7A4F7556}") = "N36_CreatedModel", "N37_CreatedModel\N36_CreatedModel.csproj", "{90812623-929E-4F98-B2D7-DCE6DE1929DB}"
EndProject
Project("{9A19103F-16F7-4668-BE54-9A1E7A4F7556}") = "N36_Task3", "N36_Task3\N36_Task3.csproj", "{2AAB7049-19B5-4A29-86EC-9979E733CA8A}"
EndProject
Project("{2150E333-8FDC-42A3-9474-1A3956D46DE8}") = "Lesson37", "Lesson37", "{5344659A-30AE-4061-A9A6-FBF2556AFCBE}"
EndProject
Project("{9A19103F-16F7-4668-BE54-9A1E7A4F7556}") = "N37_PipiLine", "N37_PipiLine\N37_PipiLine.csproj", "{0EC66012-1F0F-48F5-9869-2B61A08A70FF}"
EndProject
Project("{2150E333-8FDC-42A3-9474-1A3956D46DE8}") = "Lesson38", "Lesson38", "{70F2DD59-9683-4A1B-AEA0-8747B8A3536B}"
EndProject
Project("{FAE04EC0-301F-11D3-BF4B-00C04F79EFBC}") = "Lesson38_Indexer", "Lesson38_Indexer\Lesson38_Indexer.csproj", "{A25FADB1-DBAB-4F65-B5C0-81961E10386C}"
EndProject
Global
	GlobalSection(SolutionConfigurationPlatforms) = preSolution
		Debug|Any CPU = Debug|Any CPU
		Release|Any CPU = Release|Any CPU
	EndGlobalSection
	GlobalSection(ProjectConfigurationPlatforms) = postSolution
		{7F28593D-C3BF-4073-B62C-C9F55E8D3732}.Debug|Any CPU.ActiveCfg = Debug|Any CPU
		{7F28593D-C3BF-4073-B62C-C9F55E8D3732}.Debug|Any CPU.Build.0 = Debug|Any CPU
		{7F28593D-C3BF-4073-B62C-C9F55E8D3732}.Release|Any CPU.ActiveCfg = Release|Any CPU
		{7F28593D-C3BF-4073-B62C-C9F55E8D3732}.Release|Any CPU.Build.0 = Release|Any CPU
		{90812623-929E-4F98-B2D7-DCE6DE1929DB}.Debug|Any CPU.ActiveCfg = Debug|Any CPU
		{90812623-929E-4F98-B2D7-DCE6DE1929DB}.Debug|Any CPU.Build.0 = Debug|Any CPU
		{90812623-929E-4F98-B2D7-DCE6DE1929DB}.Release|Any CPU.ActiveCfg = Release|Any CPU
		{90812623-929E-4F98-B2D7-DCE6DE1929DB}.Release|Any CPU.Build.0 = Release|Any CPU
		{2AAB7049-19B5-4A29-86EC-9979E733CA8A}.Debug|Any CPU.ActiveCfg = Debug|Any CPU
		{2AAB7049-19B5-4A29-86EC-9979E733CA8A}.Debug|Any CPU.Build.0 = Debug|Any CPU
		{2AAB7049-19B5-4A29-86EC-9979E733CA8A}.Release|Any CPU.ActiveCfg = Release|Any CPU
		{2AAB7049-19B5-4A29-86EC-9979E733CA8A}.Release|Any CPU.Build.0 = Release|Any CPU
		{0EC66012-1F0F-48F5-9869-2B61A08A70FF}.Debug|Any CPU.ActiveCfg = Debug|Any CPU
		{0EC66012-1F0F-48F5-9869-2B61A08A70FF}.Debug|Any CPU.Build.0 = Debug|Any CPU
		{0EC66012-1F0F-48F5-9869-2B61A08A70FF}.Release|Any CPU.ActiveCfg = Release|Any CPU
		{0EC66012-1F0F-48F5-9869-2B61A08A70FF}.Release|Any CPU.Build.0 = Release|Any CPU
		{A25FADB1-DBAB-4F65-B5C0-81961E10386C}.Debug|Any CPU.ActiveCfg = Debug|Any CPU
		{A25FADB1-DBAB-4F65-B5C0-81961E10386C}.Debug|Any CPU.Build.0 = Debug|Any CPU
		{A25FADB1-DBAB-4F65-B5C0-81961E10386C}.Release|Any CPU.ActiveCfg = Release|Any CPU
		{A25FADB1-DBAB-4F65-B5C0-81961E10386C}.Release|Any CPU.Build.0 = Release|Any CPU
	EndGlobalSection
	GlobalSection(SolutionProperties) = preSolution
		HideSolutionNode = FALSE
	EndGlobalSection
	GlobalSection(NestedProjects) = preSolution
		{7F28593D-C3BF-4073-B62C-C9F55E8D3732} = {B4814A7E-83FA-4A24-BAC7-CD094278DE55}
		{90812623-929E-4F98-B2D7-DCE6DE1929DB} = {B4814A7E-83FA-4A24-BAC7-CD094278DE55}
		{2AAB7049-19B5-4A29-86EC-9979E733CA8A} = {B4814A7E-83FA-4A24-BAC7-CD094278DE55}
		{0EC66012-1F0F-48F5-9869-2B61A08A70FF} = {5344659A-30AE-4061-A9A6-FBF2556AFCBE}
		{A25FADB1-DBAB-4F65-B5C0-81961E10386C} = {70F2DD59-9683-4A1B-AEA0-8747B8A3536B}
	EndGlobalSection
	GlobalSection(ExtensibilityGlobals) = postSolution
		SolutionGuid = {DEDDEF45-A049-4132-8238-2D2323FFE2BE}
	EndGlobalSection
EndGlobal
